
Microsoft Visual Studio Solution File, Format Version 12.00
# Visual Studio Version 17
VisualStudioVersion = 17.8.34525.116
MinimumVisualStudioVersion = 10.0.40219.1
Project("{FAE04EC0-301F-11D3-BF4B-00C04F79EFBC}") = "_Dashbord_shopping_Application_", "_Dashbord_shopping_Application_\_Dashbord_shopping_Application_.csproj", "{A48A2FF5-2BBC-4FC2-ACDA-4DDA2F3652ED}"
EndProject
Global
	GlobalSection(SolutionConfigurationPlatforms) = preSolution
		Debug|Any CPU = Debug|Any CPU
		Release|Any CPU = Release|Any CPU
	EndGlobalSection
	GlobalSection(ProjectConfigurationPlatforms) = postSolution
		{A48A2FF5-2BBC-4FC2-ACDA-4DDA2F3652ED}.Debug|Any CPU.ActiveCfg = Debug|Any CPU
		{A48A2FF5-2BBC-4FC2-ACDA-4DDA2F3652ED}.Debug|Any CPU.Build.0 = Debug|Any CPU
		{A48A2FF5-2BBC-4FC2-ACDA-4DDA2F3652ED}.Release|Any CPU.ActiveCfg = Release|Any CPU
		{A48A2FF5-2BBC-4FC2-ACDA-4DDA2F3652ED}.Release|Any CPU.Build.0 = Release|Any CPU
	EndGlobalSection
	GlobalSection(SolutionProperties) = preSolution
		HideSolutionNode = FALSE
	EndGlobalSection
	GlobalSection(ExtensibilityGlobals) = postSolution
		SolutionGuid = {AF0F53D7-3B37-4CD6-BD81-38C6DE820995}
	EndGlobalSection
EndGlobal
